version = 1
revision = 1
requires-python = ">=3.13"

[[package]]
name = "altgraph"
version = "0.17.4"
source = { registry = "https://pypi.org/simple" }
sdist = { url = "https://files.pythonhosted.org/packages/de/a8/7145824cf0b9e3c28046520480f207df47e927df83aa9555fb47f8505922/altgraph-0.17.4.tar.gz", hash = "sha256:1b5afbb98f6c4dcadb2e2ae6ab9fa994bbb8c1d75f4fa96d340f9437ae454406", size = 48418 }
wheels = [
    { url = "https://files.pythonhosted.org/packages/4d/3f/3bc3f1d83f6e4a7fcb834d3720544ca597590425be5ba9db032b2bf322a2/altgraph-0.17.4-py2.py3-none-any.whl", hash = "sha256:642743b4750de17e655e6711601b077bc6598dbfa3ba5fa2b2a35ce12b508dff", size = 21212 },
]

[[package]]
name = "chemparse"
version = "0.3.2"
source = { registry = "https://pypi.org/simple" }
sdist = { url = "https://files.pythonhosted.org/packages/1f/82/81118c32a309408fcbcd5fc561d8f0ba0ab6f977dc4c87fb6b62e25e1d64/chemparse-0.3.2.tar.gz", hash = "sha256:f46e24081f69c3bddd03447a1ab0370c286607c6b6c146b1647f6d57beb26c3d", size = 5550 }
wheels = [
    { url = "https://files.pythonhosted.org/packages/28/cc/f0a932c8a9cd00ebdadd177c4dd312dd11771ea1856b2b86f57995e6e249/chemparse-0.3.2-py3-none-any.whl", hash = "sha256:67169faa673f804a518fac32e3b2072ef8c0d8c9df557b2d4f385424a750d819", size = 5869 },
]

[[package]]
name = "clarabel"
version = "0.10.0"
source = { registry = "https://pypi.org/simple" }
dependencies = [
    { name = "numpy" },
    { name = "scipy" },
]
sdist = { url = "https://files.pythonhosted.org/packages/7e/83/f3e550b56188b9aa363351e87f6608c67cc2c7551feece1006d5ff9eb0c3/clarabel-0.10.0.tar.gz", hash = "sha256:a8a2105058fd7db54718be53c48715a50910500b10ff0b8f5380434e69c10a10", size = 212927 }
wheels = [
    { url = "https://files.pythonhosted.org/packages/0a/18/a537f020338349943db49afb305a75e8d41ba9b1383df6341bde8decfde7/clarabel-0.10.0-cp39-abi3-macosx_10_12_x86_64.macosx_11_0_arm64.macosx_10_12_universal2.whl", hash = "sha256:ac0375778b351ed0a6a209a3a671e438181f640e98ea56761acf44681f05f211", size = 1737235 },
    { url = "https://files.pythonhosted.org/packages/15/6c/eb05273543a80f4f9d4196fde5d2e20dc73102b4e5255d965018bd9c9031/clarabel-0.10.0-cp39-abi3-macosx_10_12_x86_64.whl", hash = "sha256:385c29169918a0fbf7eaece919db381120519241d9806f65b291444ef52deccc", size = 903609 },
    { url = "https://files.pythonhosted.org/packages/44/23/f3bc9dcb9b5e9b821702dcd2a5da03e0583ad96609641c069a31ccab6db9/clarabel-0.10.0-cp39-abi3-manylinux_2_17_aarch64.manylinux2014_aarch64.whl", hash = "sha256:325468980cd4495005926d413ccca4bb534e52ecc9e43fbd915f5d0e63859bd8", size = 940233 },
    { url = "https://files.pythonhosted.org/packages/fa/fa/5faf0fcbad99a70ee416443c5194af8c7f1c65d74f6570bfa1560e69af8e/clarabel-0.10.0-cp39-abi3-manylinux_2_17_x86_64.manylinux2014_x86_64.whl", hash = "sha256:9be6910e0ae1694996aa0c5f3db9b99ab6b619f6735ad178086b6f1e3eeef5e2", size = 1011382 },
    { url = "https://files.pythonhosted.org/packages/e6/ba/67a0defb70ed910877049e915e6738fc0432edd5e46b97743ce78a1e5b95/clarabel-0.10.0-cp39-abi3-win_amd64.whl", hash = "sha256:7871b6f499ad66f71d4e7fb40754c4d986d4316f242beb62ff4f63a69785a50c", size = 742536 },
]

[[package]]
name = "cvxpy"
version = "1.6.5"
source = { registry = "https://pypi.org/simple" }
dependencies = [
    { name = "clarabel" },
    { name = "numpy" },
    { name = "osqp" },
    { name = "scipy" },
    { name = "scs" },
]
sdist = { url = "https://files.pythonhosted.org/packages/6c/9e/0aeb94d435f4aad947b45eb9354fba31b23066b5ed78c42bbf71a9e4105e/cvxpy-1.6.5.tar.gz", hash = "sha256:666081b9c1f6db8947bcfc3c6f250174f934fa1ba8e30b38e3d32eba779ff785", size = 1610956 }
wheels = [
    { url = "https://files.pythonhosted.org/packages/22/68/15aeafcc7aab50853bfd96e7bb6019b7a8b2c764f4c54c690cdc1289b736/cvxpy-1.6.5-cp313-cp313-macosx_10_13_universal2.whl", hash = "sha256:c16478107e3bd8bbda85d7a2d12ae737151e44a5fc43f695a84d387311c3cce9", size = 1490440 },
    { url = "https://files.pythonhosted.org/packages/e1/ef/a1ad85c1e2a43a1afcfe2cdc96f99d9ddf26a2c704ff124e68b2f29c4214/cvxpy-1.6.5-cp313-cp313-macosx_10_13_x86_64.whl", hash = "sha256:5f5ca05999a61b7eed4fc3369e19368d0241538f1890d5510c31f35f7daff021", size = 1154603 },
    { url = "https://files.pythonhosted.org/packages/72/02/2d165243905ea567f103748d69eb06b5f0976da3e2aeef4686b7e08c8c13/cvxpy-1.6.5-cp313-cp313-manylinux_2_17_aarch64.manylinux2014_aarch64.whl", hash = "sha256:13eb878e89029d00c0569c6f151df31d136959b0ac1a9f11d567e77579a9a108", size = 1205948 },
    { url = "https://files.pythonhosted.org/packages/d1/31/0fae4e2553412b56fc0b0806f4450a874a3293aba1faed6c1337fa868cf5/cvxpy-1.6.5-cp313-cp313-manylinux_2_17_x86_64.manylinux2014_x86_64.whl", hash = "sha256:47c0edd990a200de5115427fdc5526cf8cd462951318af55800e6d5abcf72d32", size = 1232004 },
    { url = "https://files.pythonhosted.org/packages/a0/3c/86682ec2b72f72e46e359903d7c18686e5314aa4baa96c77f6595c58fb03/cvxpy-1.6.5-cp313-cp313-win_amd64.whl", hash = "sha256:51161b0e8b0d83dc07355bab938bd0734dd5531c98dca8d6faaa8b847c651339", size = 1098576 },
]

[[package]]
name = "ecos"
version = "2.0.14"
source = { registry = "https://pypi.org/simple" }
dependencies = [
    { name = "numpy" },
    { name = "scipy" },
]
sdist = { url = "https://files.pythonhosted.org/packages/2e/5f/17716c533da95ed110815b159efa22b1064c8c41fd5c862f21aff7a7fec0/ecos-2.0.14.tar.gz", hash = "sha256:64b3201c0e0a7f0129050557c4ac50b00031e80a10534506dba1200c8dc1efe4", size = 142430 }

[[package]]
name = "elemental-analyze"
version = "0.1.0"
source = { virtual = "." }
dependencies = [
    { name = "chemparse" },
    { name = "cvxpy" },
    { name = "ecos" },
    { name = "numpy" },
    { name = "pyinstaller" },
]

[package.metadata]
requires-dist = [
    { name = "chemparse", specifier = ">=0.3.2" },
    { name = "cvxpy", specifier = ">=1.6.5" },
    { name = "ecos", specifier = ">=2.0.14" },
    { name = "numpy", specifier = ">=2.2.5" },
    { name = "pyinstaller", specifier = ">=6.13.0" },
]

[[package]]
name = "jinja2"
version = "3.1.6"
source = { registry = "https://pypi.org/simple" }
dependencies = [
    { name = "markupsafe" },
]
sdist = { url = "https://files.pythonhosted.org/packages/df/bf/f7da0350254c0ed7c72f3e33cef02e048281fec7ecec5f032d4aac52226b/jinja2-3.1.6.tar.gz", hash = "sha256:0137fb05990d35f1275a587e9aee6d56da821fc83491a0fb838183be43f66d6d", size = 245115 }
wheels = [
    { url = "https://files.pythonhosted.org/packages/62/a1/3d680cbfd5f4b8f15abc1d571870c5fc3e594bb582bc3b64ea099db13e56/jinja2-3.1.6-py3-none-any.whl", hash = "sha256:85ece4451f492d0c13c5dd7c13a64681a86afae63a5f347908daf103ce6d2f67", size = 134899 },
]

[[package]]
name = "joblib"
version = "1.5.0"
source = { registry = "https://pypi.org/simple" }
sdist = { url = "https://files.pythonhosted.org/packages/30/08/8bd4a0250247861420a040b33ccf42f43c426ac91d99405374ef117e5872/joblib-1.5.0.tar.gz", hash = "sha256:d8757f955389a3dd7a23152e43bc297c2e0c2d3060056dad0feefc88a06939b5", size = 330234 }
wheels = [
    { url = "https://files.pythonhosted.org/packages/da/d3/13ee227a148af1c693654932b8b0b02ed64af5e1f7406d56b088b57574cd/joblib-1.5.0-py3-none-any.whl", hash = "sha256:206144b320246485b712fc8cc51f017de58225fa8b414a1fe1764a7231aca491", size = 307682 },
]

[[package]]
name = "macholib"
version = "1.16.3"
source = { registry = "https://pypi.org/simple" }
dependencies = [
    { name = "altgraph" },
]
sdist = { url = "https://files.pythonhosted.org/packages/95/ee/af1a3842bdd5902ce133bd246eb7ffd4375c38642aeb5dc0ae3a0329dfa2/macholib-1.16.3.tar.gz", hash = "sha256:07ae9e15e8e4cd9a788013d81f5908b3609aa76f9b1421bae9c4d7606ec86a30", size = 59309 }
wheels = [
    { url = "https://files.pythonhosted.org/packages/d1/5d/c059c180c84f7962db0aeae7c3b9303ed1d73d76f2bfbc32bc231c8be314/macholib-1.16.3-py2.py3-none-any.whl", hash = "sha256:0e315d7583d38b8c77e815b1ecbdbf504a8258d8b3e17b61165c6feb60d18f2c", size = 38094 },
]

[[package]]
name = "markupsafe"
version = "3.0.2"
source = { registry = "https://pypi.org/simple" }
sdist = { url = "https://files.pythonhosted.org/packages/b2/97/5d42485e71dfc078108a86d6de8fa46db44a1a9295e89c5d6d4a06e23a62/markupsafe-3.0.2.tar.gz", hash = "sha256:ee55d3edf80167e48ea11a923c7386f4669df67d7994554387f84e7d8b0a2bf0", size = 20537 }
wheels = [
    { url = "https://files.pythonhosted.org/packages/83/0e/67eb10a7ecc77a0c2bbe2b0235765b98d164d81600746914bebada795e97/MarkupSafe-3.0.2-cp313-cp313-macosx_10_13_universal2.whl", hash = "sha256:ba9527cdd4c926ed0760bc301f6728ef34d841f405abf9d4f959c478421e4efd", size = 14274 },
    { url = "https://files.pythonhosted.org/packages/2b/6d/9409f3684d3335375d04e5f05744dfe7e9f120062c9857df4ab490a1031a/MarkupSafe-3.0.2-cp313-cp313-macosx_11_0_arm64.whl", hash = "sha256:f8b3d067f2e40fe93e1ccdd6b2e1d16c43140e76f02fb1319a05cf2b79d99430", size = 12352 },
    { url = "https://files.pythonhosted.org/packages/d2/f5/6eadfcd3885ea85fe2a7c128315cc1bb7241e1987443d78c8fe712d03091/MarkupSafe-3.0.2-cp313-cp313-manylinux_2_17_aarch64.manylinux2014_aarch64.whl", hash = "sha256:569511d3b58c8791ab4c2e1285575265991e6d8f8700c7be0e88f86cb0672094", size = 24122 },
    { url = "https://files.pythonhosted.org/packages/0c/91/96cf928db8236f1bfab6ce15ad070dfdd02ed88261c2afafd4b43575e9e9/MarkupSafe-3.0.2-cp313-cp313-manylinux_2_17_x86_64.manylinux2014_x86_64.whl", hash = "sha256:15ab75ef81add55874e7ab7055e9c397312385bd9ced94920f2802310c930396", size = 23085 },
    { url = "https://files.pythonhosted.org/packages/c2/cf/c9d56af24d56ea04daae7ac0940232d31d5a8354f2b457c6d856b2057d69/MarkupSafe-3.0.2-cp313-cp313-manylinux_2_5_i686.manylinux1_i686.manylinux_2_17_i686.manylinux2014_i686.whl", hash = "sha256:f3818cb119498c0678015754eba762e0d61e5b52d34c8b13d770f0719f7b1d79", size = 22978 },
    { url = "https://files.pythonhosted.org/packages/2a/9f/8619835cd6a711d6272d62abb78c033bda638fdc54c4e7f4272cf1c0962b/MarkupSafe-3.0.2-cp313-cp313-musllinux_1_2_aarch64.whl", hash = "sha256:cdb82a876c47801bb54a690c5ae105a46b392ac6099881cdfb9f6e95e4014c6a", size = 24208 },
    { url = "https://files.pythonhosted.org/packages/f9/bf/176950a1792b2cd2102b8ffeb5133e1ed984547b75db47c25a67d3359f77/MarkupSafe-3.0.2-cp313-cp313-musllinux_1_2_i686.whl", hash = "sha256:cabc348d87e913db6ab4aa100f01b08f481097838bdddf7c7a84b7575b7309ca", size = 23357 },
    { url = "https://files.pythonhosted.org/packages/ce/4f/9a02c1d335caabe5c4efb90e1b6e8ee944aa245c1aaaab8e8a618987d816/MarkupSafe-3.0.2-cp313-cp313-musllinux_1_2_x86_64.whl", hash = "sha256:444dcda765c8a838eaae23112db52f1efaf750daddb2d9ca300bcae1039adc5c", size = 23344 },
    { url = "https://files.pythonhosted.org/packages/ee/55/c271b57db36f748f0e04a759ace9f8f759ccf22b4960c270c78a394f58be/MarkupSafe-3.0.2-cp313-cp313-win32.whl", hash = "sha256:bcf3e58998965654fdaff38e58584d8937aa3096ab5354d493c77d1fdd66d7a1", size = 15101 },
    { url = "https://files.pythonhosted.org/packages/29/88/07df22d2dd4df40aba9f3e402e6dc1b8ee86297dddbad4872bd5e7b0094f/MarkupSafe-3.0.2-cp313-cp313-win_amd64.whl", hash = "sha256:e6a2a455bd412959b57a172ce6328d2dd1f01cb2135efda2e4576e8a23fa3b0f", size = 15603 },
    { url = "https://files.pythonhosted.org/packages/62/6a/8b89d24db2d32d433dffcd6a8779159da109842434f1dd2f6e71f32f738c/MarkupSafe-3.0.2-cp313-cp313t-macosx_10_13_universal2.whl", hash = "sha256:b5a6b3ada725cea8a5e634536b1b01c30bcdcd7f9c6fff4151548d5bf6b3a36c", size = 14510 },
    { url = "https://files.pythonhosted.org/packages/7a/06/a10f955f70a2e5a9bf78d11a161029d278eeacbd35ef806c3fd17b13060d/MarkupSafe-3.0.2-cp313-cp313t-macosx_11_0_arm64.whl", hash = "sha256:a904af0a6162c73e3edcb969eeeb53a63ceeb5d8cf642fade7d39e7963a22ddb", size = 12486 },
    { url = "https://files.pythonhosted.org/packages/34/cf/65d4a571869a1a9078198ca28f39fba5fbb910f952f9dbc5220afff9f5e6/MarkupSafe-3.0.2-cp313-cp313t-manylinux_2_17_aarch64.manylinux2014_aarch64.whl", hash = "sha256:4aa4e5faecf353ed117801a068ebab7b7e09ffb6e1d5e412dc852e0da018126c", size = 25480 },
    { url = "https://files.pythonhosted.org/packages/0c/e3/90e9651924c430b885468b56b3d597cabf6d72be4b24a0acd1fa0e12af67/MarkupSafe-3.0.2-cp313-cp313t-manylinux_2_17_x86_64.manylinux2014_x86_64.whl", hash = "sha256:c0ef13eaeee5b615fb07c9a7dadb38eac06a0608b41570d8ade51c56539e509d", size = 23914 },
    { url = "https://files.pythonhosted.org/packages/66/8c/6c7cf61f95d63bb866db39085150df1f2a5bd3335298f14a66b48e92659c/MarkupSafe-3.0.2-cp313-cp313t-manylinux_2_5_i686.manylinux1_i686.manylinux_2_17_i686.manylinux2014_i686.whl", hash = "sha256:d16a81a06776313e817c951135cf7340a3e91e8c1ff2fac444cfd75fffa04afe", size = 23796 },
    { url = "https://files.pythonhosted.org/packages/bb/35/cbe9238ec3f47ac9a7c8b3df7a808e7cb50fe149dc7039f5f454b3fba218/MarkupSafe-3.0.2-cp313-cp313t-musllinux_1_2_aarch64.whl", hash = "sha256:6381026f158fdb7c72a168278597a5e3a5222e83ea18f543112b2662a9b699c5", size = 25473 },
    { url = "https://files.pythonhosted.org/packages/e6/32/7621a4382488aa283cc05e8984a9c219abad3bca087be9ec77e89939ded9/MarkupSafe-3.0.2-cp313-cp313t-musllinux_1_2_i686.whl", hash = "sha256:3d79d162e7be8f996986c064d1c7c817f6df3a77fe3d6859f6f9e7be4b8c213a", size = 24114 },
    { url = "https://files.pythonhosted.org/packages/0d/80/0985960e4b89922cb5a0bac0ed39c5b96cbc1a536a99f30e8c220a996ed9/MarkupSafe-3.0.2-cp313-cp313t-musllinux_1_2_x86_64.whl", hash = "sha256:131a3c7689c85f5ad20f9f6fb1b866f402c445b220c19fe4308c0b147ccd2ad9", size = 24098 },
    { url = "https://files.pythonhosted.org/packages/82/78/fedb03c7d5380df2427038ec8d973587e90561b2d90cd472ce9254cf348b/MarkupSafe-3.0.2-cp313-cp313t-win32.whl", hash = "sha256:ba8062ed2cf21c07a9e295d5b8a2a5ce678b913b45fdf68c32d95d6c1291e0b6", size = 15208 },
    { url = "https://files.pythonhosted.org/packages/4f/65/6079a46068dfceaeabb5dcad6d674f5f5c61a6fa5673746f42a9f4c233b3/MarkupSafe-3.0.2-cp313-cp313t-win_amd64.whl", hash = "sha256:e444a31f8db13eb18ada366ab3cf45fd4b31e4db1236a4448f68778c1d1a5a2f", size = 15739 },
]

[[package]]
name = "numpy"
version = "2.2.5"
source = { registry = "https://pypi.org/simple" }
sdist = { url = "https://files.pythonhosted.org/packages/dc/b2/ce4b867d8cd9c0ee84938ae1e6a6f7926ebf928c9090d036fc3c6a04f946/numpy-2.2.5.tar.gz", hash = "sha256:a9c0d994680cd991b1cb772e8b297340085466a6fe964bc9d4e80f5e2f43c291", size = 20273920 }
wheels = [
    { url = "https://files.pythonhosted.org/packages/e2/a0/0aa7f0f4509a2e07bd7a509042967c2fab635690d4f48c6c7b3afd4f448c/numpy-2.2.5-cp313-cp313-macosx_10_13_x86_64.whl", hash = "sha256:059b51b658f4414fff78c6d7b1b4e18283ab5fa56d270ff212d5ba0c561846f4", size = 20935102 },
    { url = "https://files.pythonhosted.org/packages/7e/e4/a6a9f4537542912ec513185396fce52cdd45bdcf3e9d921ab02a93ca5aa9/numpy-2.2.5-cp313-cp313-macosx_11_0_arm64.whl", hash = "sha256:47f9ed103af0bc63182609044b0490747e03bd20a67e391192dde119bf43d52f", size = 14191709 },
    { url = "https://files.pythonhosted.org/packages/be/65/72f3186b6050bbfe9c43cb81f9df59ae63603491d36179cf7a7c8d216758/numpy-2.2.5-cp313-cp313-macosx_14_0_arm64.whl", hash = "sha256:261a1ef047751bb02f29dfe337230b5882b54521ca121fc7f62668133cb119c9", size = 5149173 },
    { url = "https://files.pythonhosted.org/packages/e5/e9/83e7a9432378dde5802651307ae5e9ea07bb72b416728202218cd4da2801/numpy-2.2.5-cp313-cp313-macosx_14_0_x86_64.whl", hash = "sha256:4520caa3807c1ceb005d125a75e715567806fed67e315cea619d5ec6e75a4191", size = 6684502 },
    { url = "https://files.pythonhosted.org/packages/ea/27/b80da6c762394c8ee516b74c1f686fcd16c8f23b14de57ba0cad7349d1d2/numpy-2.2.5-cp313-cp313-manylinux_2_17_aarch64.manylinux2014_aarch64.whl", hash = "sha256:3d14b17b9be5f9c9301f43d2e2a4886a33b53f4e6fdf9ca2f4cc60aeeee76372", size = 14084417 },
    { url = "https://files.pythonhosted.org/packages/aa/fc/ebfd32c3e124e6a1043e19c0ab0769818aa69050ce5589b63d05ff185526/numpy-2.2.5-cp313-cp313-manylinux_2_17_x86_64.manylinux2014_x86_64.whl", hash = "sha256:2ba321813a00e508d5421104464510cc962a6f791aa2fca1c97b1e65027da80d", size = 16133807 },
    { url = "https://files.pythonhosted.org/packages/bf/9b/4cc171a0acbe4666f7775cfd21d4eb6bb1d36d3a0431f48a73e9212d2278/numpy-2.2.5-cp313-cp313-musllinux_1_2_aarch64.whl", hash = "sha256:a4cbdef3ddf777423060c6f81b5694bad2dc9675f110c4b2a60dc0181543fac7", size = 15575611 },
    { url = "https://files.pythonhosted.org/packages/a3/45/40f4135341850df48f8edcf949cf47b523c404b712774f8855a64c96ef29/numpy-2.2.5-cp313-cp313-musllinux_1_2_x86_64.whl", hash = "sha256:54088a5a147ab71a8e7fdfd8c3601972751ded0739c6b696ad9cb0343e21ab73", size = 17895747 },
    { url = "https://files.pythonhosted.org/packages/f8/4c/b32a17a46f0ffbde8cc82df6d3daeaf4f552e346df143e1b188a701a8f09/numpy-2.2.5-cp313-cp313-win32.whl", hash = "sha256:c8b82a55ef86a2d8e81b63da85e55f5537d2157165be1cb2ce7cfa57b6aef38b", size = 6309594 },
    { url = "https://files.pythonhosted.org/packages/13/ae/72e6276feb9ef06787365b05915bfdb057d01fceb4a43cb80978e518d79b/numpy-2.2.5-cp313-cp313-win_amd64.whl", hash = "sha256:d8882a829fd779f0f43998e931c466802a77ca1ee0fe25a3abe50278616b1471", size = 12638356 },
    { url = "https://files.pythonhosted.org/packages/79/56/be8b85a9f2adb688e7ded6324e20149a03541d2b3297c3ffc1a73f46dedb/numpy-2.2.5-cp313-cp313t-macosx_10_13_x86_64.whl", hash = "sha256:e8b025c351b9f0e8b5436cf28a07fa4ac0204d67b38f01433ac7f9b870fa38c6", size = 20963778 },
    { url = "https://files.pythonhosted.org/packages/ff/77/19c5e62d55bff507a18c3cdff82e94fe174957bad25860a991cac719d3ab/numpy-2.2.5-cp313-cp313t-macosx_11_0_arm64.whl", hash = "sha256:8dfa94b6a4374e7851bbb6f35e6ded2120b752b063e6acdd3157e4d2bb922eba", size = 14207279 },
    { url = "https://files.pythonhosted.org/packages/75/22/aa11f22dc11ff4ffe4e849d9b63bbe8d4ac6d5fae85ddaa67dfe43be3e76/numpy-2.2.5-cp313-cp313t-macosx_14_0_arm64.whl", hash = "sha256:97c8425d4e26437e65e1d189d22dff4a079b747ff9c2788057bfb8114ce1e133", size = 5199247 },
    { url = "https://files.pythonhosted.org/packages/4f/6c/12d5e760fc62c08eded0394f62039f5a9857f758312bf01632a81d841459/numpy-2.2.5-cp313-cp313t-macosx_14_0_x86_64.whl", hash = "sha256:352d330048c055ea6db701130abc48a21bec690a8d38f8284e00fab256dc1376", size = 6711087 },
    { url = "https://files.pythonhosted.org/packages/ef/94/ece8280cf4218b2bee5cec9567629e61e51b4be501e5c6840ceb593db945/numpy-2.2.5-cp313-cp313t-manylinux_2_17_aarch64.manylinux2014_aarch64.whl", hash = "sha256:8b4c0773b6ada798f51f0f8e30c054d32304ccc6e9c5d93d46cb26f3d385ab19", size = 14059964 },
    { url = "https://files.pythonhosted.org/packages/39/41/c5377dac0514aaeec69115830a39d905b1882819c8e65d97fc60e177e19e/numpy-2.2.5-cp313-cp313t-manylinux_2_17_x86_64.manylinux2014_x86_64.whl", hash = "sha256:55f09e00d4dccd76b179c0f18a44f041e5332fd0e022886ba1c0bbf3ea4a18d0", size = 16121214 },
    { url = "https://files.pythonhosted.org/packages/db/54/3b9f89a943257bc8e187145c6bc0eb8e3d615655f7b14e9b490b053e8149/numpy-2.2.5-cp313-cp313t-musllinux_1_2_aarch64.whl", hash = "sha256:02f226baeefa68f7d579e213d0f3493496397d8f1cff5e2b222af274c86a552a", size = 15575788 },
    { url = "https://files.pythonhosted.org/packages/b1/c4/2e407e85df35b29f79945751b8f8e671057a13a376497d7fb2151ba0d290/numpy-2.2.5-cp313-cp313t-musllinux_1_2_x86_64.whl", hash = "sha256:c26843fd58f65da9491165072da2cccc372530681de481ef670dcc8e27cfb066", size = 17893672 },
    { url = "https://files.pythonhosted.org/packages/29/7e/d0b44e129d038dba453f00d0e29ebd6eaf2f06055d72b95b9947998aca14/numpy-2.2.5-cp313-cp313t-win32.whl", hash = "sha256:1a161c2c79ab30fe4501d5a2bbfe8b162490757cf90b7f05be8b80bc02f7bb8e", size = 6377102 },
    { url = "https://files.pythonhosted.org/packages/63/be/b85e4aa4bf42c6502851b971f1c326d583fcc68227385f92089cf50a7b45/numpy-2.2.5-cp313-cp313t-win_amd64.whl", hash = "sha256:d403c84991b5ad291d3809bace5e85f4bbf44a04bdc9a88ed2bb1807b3360bb8", size = 12750096 },
]

[[package]]
name = "osqp"
version = "1.0.4"
source = { registry = "https://pypi.org/simple" }
dependencies = [
    { name = "jinja2" },
    { name = "joblib" },
    { name = "numpy" },
    { name = "scipy" },
    { name = "setuptools" },
]
sdist = { url = "https://files.pythonhosted.org/packages/30/13/c74c50bab7477029daf9fc99455cc9c8b25e50843e44cf096b237d3ac6b2/osqp-1.0.4.tar.gz", hash = "sha256:0877552e325ff4cc1c676796ba482904eb4b66e750eff5b91df3273201f5ed00", size = 56640 }
wheels = [
    { url = "https://files.pythonhosted.org/packages/d9/ea/9a1b52ebe4a50baed976c42903b0164d3d4911d7bf80956400e0802362a9/osqp-1.0.4-cp313-cp313-macosx_10_13_x86_64.whl", hash = "sha256:bae336207b52bbab6d663e7fb77beaffc53279e91a14e3db76ad2726b0e935d6", size = 313562 },
    { url = "https://files.pythonhosted.org/packages/db/70/92232c9af70e05c0f5c99544ea97826cad49f8e3415f4106ca46ff124e07/osqp-1.0.4-cp313-cp313-macosx_11_0_arm64.whl", hash = "sha256:06dc3c6d7a0e2d4552dbc98a127e6d9a70d57ab856c8343c83aca42817ee8da3", size = 291900 },
    { url = "https://files.pythonhosted.org/packages/af/58/5eb3f6125ec82c7a22453b4a96d5a47d52a54fa0221b687c612558880faa/osqp-1.0.4-cp313-cp313-manylinux_2_17_x86_64.manylinux2014_x86_64.whl", hash = "sha256:11e4b50f66795d12e63b25b02d0261973b36ee8612ef8c949c124c74231da183", size = 344964 },
    { url = "https://files.pythonhosted.org/packages/47/09/0156d737b2dc1978e51a25540d29cd0a1597b81f0dadf2b563bd55d8702c/osqp-1.0.4-cp313-cp313-win_amd64.whl", hash = "sha256:14334e9473d0dd2fde3465b0d4c7a7de827798426ae2b40cb26504b376c48413", size = 303053 },
]

[[package]]
name = "packaging"
version = "25.0"
source = { registry = "https://pypi.org/simple" }
sdist = { url = "https://files.pythonhosted.org/packages/a1/d4/1fc4078c65507b51b96ca8f8c3ba19e6a61c8253c72794544580a7b6c24d/packaging-25.0.tar.gz", hash = "sha256:d443872c98d677bf60f6a1f2f8c1cb748e8fe762d2bf9d3148b5599295b0fc4f", size = 165727 }
wheels = [
    { url = "https://files.pythonhosted.org/packages/20/12/38679034af332785aac8774540895e234f4d07f7545804097de4b666afd8/packaging-25.0-py3-none-any.whl", hash = "sha256:29572ef2b1f17581046b3a2227d5c611fb25ec70ca1ba8554b24b0e69331a484", size = 66469 },
]

[[package]]
name = "pefile"
version = "2023.2.7"
source = { registry = "https://pypi.org/simple" }
sdist = { url = "https://files.pythonhosted.org/packages/78/c5/3b3c62223f72e2360737fd2a57c30e5b2adecd85e70276879609a7403334/pefile-2023.2.7.tar.gz", hash = "sha256:82e6114004b3d6911c77c3953e3838654b04511b8b66e8583db70c65998017dc", size = 74854 }
wheels = [
    { url = "https://files.pythonhosted.org/packages/55/26/d0ad8b448476d0a1e8d3ea5622dc77b916db84c6aa3cb1e1c0965af948fc/pefile-2023.2.7-py3-none-any.whl", hash = "sha256:da185cd2af68c08a6cd4481f7325ed600a88f6a813bad9dea07ab3ef73d8d8d6", size = 71791 },
]

[[package]]
name = "pyinstaller"
version = "6.13.0"
source = { registry = "https://pypi.org/simple" }
dependencies = [
    { name = "altgraph" },
    { name = "macholib", marker = "sys_platform == 'darwin'" },
    { name = "packaging" },
    { name = "pefile", marker = "sys_platform == 'win32'" },
    { name = "pyinstaller-hooks-contrib" },
    { name = "pywin32-ctypes", marker = "sys_platform == 'win32'" },
    { name = "setuptools" },
]
sdist = { url = "https://files.pythonhosted.org/packages/a8/b1/2949fe6d3874e961898ca5cfc1bf2cf13bdeea488b302e74a745bc28c8ba/pyinstaller-6.13.0.tar.gz", hash = "sha256:38911feec2c5e215e5159a7e66fdb12400168bd116143b54a8a7a37f08733456", size = 4276427 }
wheels = [
    { url = "https://files.pythonhosted.org/packages/b4/02/d1a347d35b1b627da1e148159e617576555619ac3bb8bbd5fed661fc7bb5/pyinstaller-6.13.0-py3-none-macosx_10_13_universal2.whl", hash = "sha256:aa404f0b02cd57948098055e76ee190b8e65ccf7a2a3f048e5000f668317069f", size = 1001923 },
    { url = "https://files.pythonhosted.org/packages/6b/80/6da39f7aeac65c9ca5afad0fac37887d75fdfd480178a7077c9d30b0704c/pyinstaller-6.13.0-py3-none-manylinux2014_aarch64.whl", hash = "sha256:92efcf2f09e78f07b568c5cb7ed48c9940f5dad627af4b49bede6320fab2a06e", size = 718135 },
    { url = "https://files.pythonhosted.org/packages/05/2c/d21d31f780a489609e7bf6385c0f7635238dc98b37cba8645b53322b7450/pyinstaller-6.13.0-py3-none-manylinux2014_i686.whl", hash = "sha256:9f82f113c463f012faa0e323d952ca30a6f922685d9636e754bd3a256c7ed200", size = 728543 },
    { url = "https://files.pythonhosted.org/packages/e1/20/e6ca87bbed6c0163533195707f820f05e10b8da1223fc6972cfe3c3c50c7/pyinstaller-6.13.0-py3-none-manylinux2014_ppc64le.whl", hash = "sha256:db0e7945ebe276f604eb7c36e536479556ab32853412095e19172a5ec8fca1c5", size = 726868 },
    { url = "https://files.pythonhosted.org/packages/20/d5/53b19285f8817ab6c4b07c570208d62606bab0e5a049d50c93710a1d9dc6/pyinstaller-6.13.0-py3-none-manylinux2014_s390x.whl", hash = "sha256:92fe7337c5aa08d42b38d7a79614492cb571489f2cb0a8f91dc9ef9ccbe01ed3", size = 725037 },
    { url = "https://files.pythonhosted.org/packages/84/5b/08e0b305ba71e6d7cb247e27d714da7536895b0283132d74d249bf662366/pyinstaller-6.13.0-py3-none-manylinux2014_x86_64.whl", hash = "sha256:bc09795f5954135dd4486c1535650958c8218acb954f43860e4b05fb515a21c0", size = 721027 },
    { url = "https://files.pythonhosted.org/packages/1f/9c/d8d0a7120103471be8dbe1c5419542aa794b9b9ec2ef628b542f9e6f9ef0/pyinstaller-6.13.0-py3-none-musllinux_1_1_aarch64.whl", hash = "sha256:589937548d34978c568cfdc39f31cf386f45202bc27fdb8facb989c79dfb4c02", size = 723443 },
    { url = "https://files.pythonhosted.org/packages/52/c7/8a9d81569dda2352068ecc6ee779d5feff6729569dd1b4ffd1236ecd38fe/pyinstaller-6.13.0-py3-none-musllinux_1_1_x86_64.whl", hash = "sha256:b7260832f7501ba1d2ce1834d4cddc0f2b94315282bc89c59333433715015447", size = 719915 },
    { url = "https://files.pythonhosted.org/packages/d5/e6/cccadb02b90198c7ed4ffb8bc34d420efb72b996f47cbd4738067a602d65/pyinstaller-6.13.0-py3-none-win32.whl", hash = "sha256:80c568848529635aa7ca46d8d525f68486d53e03f68b7bb5eba2c88d742e302c", size = 1294997 },
    { url = "https://files.pythonhosted.org/packages/1a/06/15cbe0e25d1e73d5b981fa41ff0bb02b15e924e30b8c61256f4a28c4c837/pyinstaller-6.13.0-py3-none-win_amd64.whl", hash = "sha256:8d4296236b85aae570379488c2da833b28828b17c57c2cc21fccd7e3811fe372", size = 1352714 },
    { url = "https://files.pythonhosted.org/packages/83/ef/74379298d46e7caa6aa7ceccc865106d3d4b15ac487ffdda2a35bfb6fe79/pyinstaller-6.13.0-py3-none-win_arm64.whl", hash = "sha256:d9f21d56ca2443aa6a1e255e7ad285c76453893a454105abe1b4d45e92bb9a20", size = 1293589 },
]

[[package]]
name = "pyinstaller-hooks-contrib"
version = "2025.4"
source = { registry = "https://pypi.org/simple" }
dependencies = [
    { name = "packaging" },
    { name = "setuptools" },
]
sdist = { url = "https://files.pythonhosted.org/packages/e3/94/dfc5c7903306211798f990e6794c2eb7b8685ac487b26979e9255790419c/pyinstaller_hooks_contrib-2025.4.tar.gz", hash = "sha256:5ce1afd1997b03e70f546207031cfdf2782030aabacc102190677059e2856446", size = 162628 }
wheels = [
    { url = "https://files.pythonhosted.org/packages/d3/e1/ed48c7074145898e5c5b0072e87be975c5bd6a1d0f08c27a1daa7064fca0/pyinstaller_hooks_contrib-2025.4-py3-none-any.whl", hash = "sha256:6c2d73269b4c484eb40051fc1acee0beb113c2cfb3b37437b8394faae6f0d072", size = 434451 },
]

[[package]]
name = "pywin32-ctypes"
version = "0.2.3"
source = { registry = "https://pypi.org/simple" }
sdist = { url = "https://files.pythonhosted.org/packages/85/9f/01a1a99704853cb63f253eea009390c88e7131c67e66a0a02099a8c917cb/pywin32-ctypes-0.2.3.tar.gz", hash = "sha256:d162dc04946d704503b2edc4d55f3dba5c1d539ead017afa00142c38b9885755", size = 29471 }
wheels = [
    { url = "https://files.pythonhosted.org/packages/de/3d/8161f7711c017e01ac9f008dfddd9410dff3674334c233bde66e7ba65bbf/pywin32_ctypes-0.2.3-py3-none-any.whl", hash = "sha256:8a1513379d709975552d202d942d9837758905c8d01eb82b8bcc30918929e7b8", size = 30756 },
]

[[package]]
name = "scipy"
version = "1.15.3"
source = { registry = "https://pypi.org/simple" }
dependencies = [
    { name = "numpy" },
]
sdist = { url = "https://files.pythonhosted.org/packages/0f/37/6964b830433e654ec7485e45a00fc9a27cf868d622838f6b6d9c5ec0d532/scipy-1.15.3.tar.gz", hash = "sha256:eae3cf522bc7df64b42cad3925c876e1b0b6c35c1337c93e12c0f366f55b0eaf", size = 59419214 }
wheels = [
    { url = "https://files.pythonhosted.org/packages/73/18/ec27848c9baae6e0d6573eda6e01a602e5649ee72c27c3a8aad673ebecfd/scipy-1.15.3-cp313-cp313-macosx_10_13_x86_64.whl", hash = "sha256:2c620736bcc334782e24d173c0fdbb7590a0a436d2fdf39310a8902505008759", size = 38728256 },
    { url = "https://files.pythonhosted.org/packages/74/cd/1aef2184948728b4b6e21267d53b3339762c285a46a274ebb7863c9e4742/scipy-1.15.3-cp313-cp313-macosx_12_0_arm64.whl", hash = "sha256:7e11270a000969409d37ed399585ee530b9ef6aa99d50c019de4cb01e8e54e62", size = 30109540 },
    { url = "https://files.pythonhosted.org/packages/5b/d8/59e452c0a255ec352bd0a833537a3bc1bfb679944c4938ab375b0a6b3a3e/scipy-1.15.3-cp313-cp313-macosx_14_0_arm64.whl", hash = "sha256:8c9ed3ba2c8a2ce098163a9bdb26f891746d02136995df25227a20e71c396ebb", size = 22383115 },
    { url = "https://files.pythonhosted.org/packages/08/f5/456f56bbbfccf696263b47095291040655e3cbaf05d063bdc7c7517f32ac/scipy-1.15.3-cp313-cp313-macosx_14_0_x86_64.whl", hash = "sha256:0bdd905264c0c9cfa74a4772cdb2070171790381a5c4d312c973382fc6eaf730", size = 25163884 },
    { url = "https://files.pythonhosted.org/packages/a2/66/a9618b6a435a0f0c0b8a6d0a2efb32d4ec5a85f023c2b79d39512040355b/scipy-1.15.3-cp313-cp313-manylinux_2_17_aarch64.manylinux2014_aarch64.whl", hash = "sha256:79167bba085c31f38603e11a267d862957cbb3ce018d8b38f79ac043bc92d825", size = 35174018 },
    { url = "https://files.pythonhosted.org/packages/b5/09/c5b6734a50ad4882432b6bb7c02baf757f5b2f256041da5df242e2d7e6b6/scipy-1.15.3-cp313-cp313-manylinux_2_17_x86_64.manylinux2014_x86_64.whl", hash = "sha256:c9deabd6d547aee2c9a81dee6cc96c6d7e9a9b1953f74850c179f91fdc729cb7", size = 37269716 },
    { url = "https://files.pythonhosted.org/packages/77/0a/eac00ff741f23bcabd352731ed9b8995a0a60ef57f5fd788d611d43d69a1/scipy-1.15.3-cp313-cp313-musllinux_1_2_aarch64.whl", hash = "sha256:dde4fc32993071ac0c7dd2d82569e544f0bdaff66269cb475e0f369adad13f11", size = 36872342 },
    { url = "https://files.pythonhosted.org/packages/fe/54/4379be86dd74b6ad81551689107360d9a3e18f24d20767a2d5b9253a3f0a/scipy-1.15.3-cp313-cp313-musllinux_1_2_x86_64.whl", hash = "sha256:f77f853d584e72e874d87357ad70f44b437331507d1c311457bed8ed2b956126", size = 39670869 },
    { url = "https://files.pythonhosted.org/packages/87/2e/892ad2862ba54f084ffe8cc4a22667eaf9c2bcec6d2bff1d15713c6c0703/scipy-1.15.3-cp313-cp313-win_amd64.whl", hash = "sha256:b90ab29d0c37ec9bf55424c064312930ca5f4bde15ee8619ee44e69319aab163", size = 40988851 },
    { url = "https://files.pythonhosted.org/packages/1b/e9/7a879c137f7e55b30d75d90ce3eb468197646bc7b443ac036ae3fe109055/scipy-1.15.3-cp313-cp313t-macosx_10_13_x86_64.whl", hash = "sha256:3ac07623267feb3ae308487c260ac684b32ea35fd81e12845039952f558047b8", size = 38863011 },
    { url = "https://files.pythonhosted.org/packages/51/d1/226a806bbd69f62ce5ef5f3ffadc35286e9fbc802f606a07eb83bf2359de/scipy-1.15.3-cp313-cp313t-macosx_12_0_arm64.whl", hash = "sha256:6487aa99c2a3d509a5227d9a5e889ff05830a06b2ce08ec30df6d79db5fcd5c5", size = 30266407 },
    { url = "https://files.pythonhosted.org/packages/e5/9b/f32d1d6093ab9eeabbd839b0f7619c62e46cc4b7b6dbf05b6e615bbd4400/scipy-1.15.3-cp313-cp313t-macosx_14_0_arm64.whl", hash = "sha256:50f9e62461c95d933d5c5ef4a1f2ebf9a2b4e83b0db374cb3f1de104d935922e", size = 22540030 },
    { url = "https://files.pythonhosted.org/packages/e7/29/c278f699b095c1a884f29fda126340fcc201461ee8bfea5c8bdb1c7c958b/scipy-1.15.3-cp313-cp313t-macosx_14_0_x86_64.whl", hash = "sha256:14ed70039d182f411ffc74789a16df3835e05dc469b898233a245cdfd7f162cb", size = 25218709 },
    { url = "https://files.pythonhosted.org/packages/24/18/9e5374b617aba742a990581373cd6b68a2945d65cc588482749ef2e64467/scipy-1.15.3-cp313-cp313t-manylinux_2_17_aarch64.manylinux2014_aarch64.whl", hash = "sha256:0a769105537aa07a69468a0eefcd121be52006db61cdd8cac8a0e68980bbb723", size = 34809045 },
    { url = "https://files.pythonhosted.org/packages/e1/fe/9c4361e7ba2927074360856db6135ef4904d505e9b3afbbcb073c4008328/scipy-1.15.3-cp313-cp313t-manylinux_2_17_x86_64.manylinux2014_x86_64.whl", hash = "sha256:9db984639887e3dffb3928d118145ffe40eff2fa40cb241a306ec57c219ebbbb", size = 36703062 },
    { url = "https://files.pythonhosted.org/packages/b7/8e/038ccfe29d272b30086b25a4960f757f97122cb2ec42e62b460d02fe98e9/scipy-1.15.3-cp313-cp313t-musllinux_1_2_aarch64.whl", hash = "sha256:40e54d5c7e7ebf1aa596c374c49fa3135f04648a0caabcb66c52884b943f02b4", size = 36393132 },
    { url = "https://files.pythonhosted.org/packages/10/7e/5c12285452970be5bdbe8352c619250b97ebf7917d7a9a9e96b8a8140f17/scipy-1.15.3-cp313-cp313t-musllinux_1_2_x86_64.whl", hash = "sha256:5e721fed53187e71d0ccf382b6bf977644c533e506c4d33c3fb24de89f5c3ed5", size = 38979503 },
    { url = "https://files.pythonhosted.org/packages/81/06/0a5e5349474e1cbc5757975b21bd4fad0e72ebf138c5592f191646154e06/scipy-1.15.3-cp313-cp313t-win_amd64.whl", hash = "sha256:76ad1fb5f8752eabf0fa02e4cc0336b4e8f021e2d5f061ed37d6d264db35e3ca", size = 40308097 },
]

[[package]]
name = "scs"
version = "3.2.7.post2"
source = { registry = "https://pypi.org/simple" }
dependencies = [
    { name = "numpy" },
    { name = "scipy" },
]
sdist = { url = "https://files.pythonhosted.org/packages/c5/2f/3f15676b0f4cc73879400d94f2c5c64130cad0bbca266aff1365dc643e79/scs-3.2.7.post2.tar.gz", hash = "sha256:4245a4f76328cc73911f20e1414df68d41ead4bcc4a187503a9cd639b644014b", size = 1600725 }
wheels = [
    { url = "https://files.pythonhosted.org/packages/af/ac/239489abd708d9411a27d3f4d9e6047cad1cc35aff34566e5bae354b1725/scs-3.2.7.post2-cp313-cp313-macosx_10_13_x86_64.whl", hash = "sha256:aaa3753e82250913e17c792e7ca7eb0bde03ac41200923f3dfd3f6bd5ec6f308", size = 107292 },
    { url = "https://files.pythonhosted.org/packages/89/72/ea3b94f16b1e9aeb1b8f6ecf70ef6e6f1f3074ea4a9adb240167674d6e9b/scs-3.2.7.post2-cp313-cp313-macosx_11_0_arm64.whl", hash = "sha256:08e9c20b482c03f292b3da7ce4cbddb2697508ffd747304564868e87da7cb4b2", size = 93548 },
    { url = "https://files.pythonhosted.org/packages/da/3f/6e94437915d54ea5d366fa8f585454fc1c2e65a35587a811d2594d91d369/scs-3.2.7.post2-cp313-cp313-manylinux_2_17_x86_64.manylinux2014_x86_64.whl", hash = "sha256:56af9310bd2d000c45d7829e2935b5445480ea6bcc6091c58d4e3ab2a94125be", size = 10443131 },
    { url = "https://files.pythonhosted.org/packages/da/94/fabedf8acabc1bb679e906ed1747ee00d0683a054369cde8c5b74a0d1efd/scs-3.2.7.post2-cp313-cp313-manylinux_2_28_aarch64.whl", hash = "sha256:ec6e7bdb18d4b84c7f56f94db445ec0c43deec5aa659201467aa85b2f64b8123", size = 5066485 },
    { url = "https://files.pythonhosted.org/packages/6c/a8/c440fb404d64b016fbfeaf80f4aac3ba817e1c65bdf1072311e17dd0281c/scs-3.2.7.post2-cp313-cp313-musllinux_1_2_x86_64.whl", hash = "sha256:91316903b2ea625990abe18bb92e8ce63536e5eafb9623ecf1cb199fb05ea574", size = 11612182 },
    { url = "https://files.pythonhosted.org/packages/9d/f9/840ef19a298ef7099f4a692772001f2f552b0917a3fb230f872a1c40ba11/scs-3.2.7.post2-cp313-cp313-win_amd64.whl", hash = "sha256:a2c48cd19e39bf87dae0b20a289fff44930458fc2ca2afa0f899058dc41e5545", size = 7432191 },
]

[[package]]
name = "setuptools"
version = "80.4.0"
source = { registry = "https://pypi.org/simple" }
sdist = { url = "https://files.pythonhosted.org/packages/95/32/0cc40fe41fd2adb80a2f388987f4f8db3c866c69e33e0b4c8b093fdf700e/setuptools-80.4.0.tar.gz", hash = "sha256:5a78f61820bc088c8e4add52932ae6b8cf423da2aff268c23f813cfbb13b4006", size = 1315008 }
wheels = [
    { url = "https://files.pythonhosted.org/packages/b1/93/dba5ed08c2e31ec7cdc2ce75705a484ef0be1a2fecac8a58272489349de8/setuptools-80.4.0-py3-none-any.whl", hash = "sha256:6cdc8cb9a7d590b237dbe4493614a9b75d0559b888047c1f67d49ba50fc3edb2", size = 1200812 },
]
